
Microsoft Visual Studio Solution File, Format Version 12.00
# Visual Studio Version 17
VisualStudioVersion = 17.13.35806.99 d17.13
MinimumVisualStudioVersion = 10.0.40219.1
Project("{FAE04EC0-301F-11D3-BF4B-00C04F79EFBC}") = "Bai5.1_HinhTron", "Bai5.1_HinhTron\Bai5.1_HinhTron.csproj", "{9B80025D-B9E0-43ED-9BA8-7477A3B06D03}"
EndProject
Global
	GlobalSection(SolutionConfigurationPlatforms) = preSolution
		Debug|Any CPU = Debug|Any CPU
		Release|Any CPU = Release|Any CPU
	EndGlobalSection
	GlobalSection(ProjectConfigurationPlatforms) = postSolution
		{9B80025D-B9E0-43ED-9BA8-7477A3B06D03}.Debug|Any CPU.ActiveCfg = Debug|Any CPU
		{9B80025D-B9E0-43ED-9BA8-7477A3B06D03}.Debug|Any CPU.Build.0 = Debug|Any CPU
		{9B80025D-B9E0-43ED-9BA8-7477A3B06D03}.Release|Any CPU.ActiveCfg = Release|Any CPU
		{9B80025D-B9E0-43ED-9BA8-7477A3B06D03}.Release|Any CPU.Build.0 = Release|Any CPU
	EndGlobalSection
	GlobalSection(SolutionProperties) = preSolution
		HideSolutionNode = FALSE
	EndGlobalSection
	GlobalSection(ExtensibilityGlobals) = postSolution
		SolutionGuid = {C87DB2E8-EBCD-4284-8DBC-25B39C0245B1}
	EndGlobalSection
EndGlobal
