
Microsoft Visual Studio Solution File, Format Version 12.00
# Visual Studio Version 17
VisualStudioVersion = 17.13.35806.99 d17.13
MinimumVisualStudioVersion = 10.0.40219.1
Project("{FAE04EC0-301F-11D3-BF4B-00C04F79EFBC}") = "TinhTienTaxi", "TinhTienTaxi\TinhTienTaxi.csproj", "{542A03E2-AA40-4FBC-9EBE-B4022FAEEF9B}"
EndProject
Global
	GlobalSection(SolutionConfigurationPlatforms) = preSolution
		Debug|Any CPU = Debug|Any CPU
		Release|Any CPU = Release|Any CPU
	EndGlobalSection
	GlobalSection(ProjectConfigurationPlatforms) = postSolution
		{542A03E2-AA40-4FBC-9EBE-B4022FAEEF9B}.Debug|Any CPU.ActiveCfg = Debug|Any CPU
		{542A03E2-AA40-4FBC-9EBE-B4022FAEEF9B}.Debug|Any CPU.Build.0 = Debug|Any CPU
		{542A03E2-AA40-4FBC-9EBE-B4022FAEEF9B}.Release|Any CPU.ActiveCfg = Release|Any CPU
		{542A03E2-AA40-4FBC-9EBE-B4022FAEEF9B}.Release|Any CPU.Build.0 = Release|Any CPU
	EndGlobalSection
	GlobalSection(SolutionProperties) = preSolution
		HideSolutionNode = FALSE
	EndGlobalSection
	GlobalSection(ExtensibilityGlobals) = postSolution
		SolutionGuid = {ECEEF260-91C0-4A33-A8AF-6B47E9425522}
	EndGlobalSection
EndGlobal
